
Microsoft Visual Studio Solution File, Format Version 12.00
# Visual Studio Version 16
VisualStudioVersion = 16.0.32106.194
MinimumVisualStudioVersion = 10.0.40219.1
Project("{FAE04EC0-301F-11D3-BF4B-00C04F79EFBC}") = "practice01", "practice01\practice01.csproj", "{68651344-1DFA-4406-81DD-A12A2BDC1FBC}"
EndProject
Global
	GlobalSection(SolutionConfigurationPlatforms) = preSolution
		Debug|Any CPU = Debug|Any CPU
		Release|Any CPU = Release|Any CPU
	EndGlobalSection
	GlobalSection(ProjectConfigurationPlatforms) = postSolution
		{68651344-1DFA-4406-81DD-A12A2BDC1FBC}.Debug|Any CPU.ActiveCfg = Debug|Any CPU
		{68651344-1DFA-4406-81DD-A12A2BDC1FBC}.Debug|Any CPU.Build.0 = Debug|Any CPU
		{68651344-1DFA-4406-81DD-A12A2BDC1FBC}.Release|Any CPU.ActiveCfg = Release|Any CPU
		{68651344-1DFA-4406-81DD-A12A2BDC1FBC}.Release|Any CPU.Build.0 = Release|Any CPU
	EndGlobalSection
	GlobalSection(SolutionProperties) = preSolution
		HideSolutionNode = FALSE
	EndGlobalSection
	GlobalSection(ExtensibilityGlobals) = postSolution
		SolutionGuid = {98102C58-C8DC-40A5-B13A-A075524F8839}
	EndGlobalSection
EndGlobal
